
Microsoft Visual Studio Solution File, Format Version 12.00
# Visual Studio Version 17
VisualStudioVersion = 17.2.32602.215
MinimumVisualStudioVersion = 10.0.40219.1
Project("{FAE04EC0-301F-11D3-BF4B-00C04F79EFBC}") = "Matriz", "Matriz\Matriz.csproj", "{836B8E60-6CD2-4970-B524-959E5848649C}"
EndProject
Global
	GlobalSection(SolutionConfigurationPlatforms) = preSolution
		Debug|Any CPU = Debug|Any CPU
		Release|Any CPU = Release|Any CPU
	EndGlobalSection
	GlobalSection(ProjectConfigurationPlatforms) = postSolution
		{836B8E60-6CD2-4970-B524-959E5848649C}.Debug|Any CPU.ActiveCfg = Debug|Any CPU
		{836B8E60-6CD2-4970-B524-959E5848649C}.Debug|Any CPU.Build.0 = Debug|Any CPU
		{836B8E60-6CD2-4970-B524-959E5848649C}.Release|Any CPU.ActiveCfg = Release|Any CPU
		{836B8E60-6CD2-4970-B524-959E5848649C}.Release|Any CPU.Build.0 = Release|Any CPU
	EndGlobalSection
	GlobalSection(SolutionProperties) = preSolution
		HideSolutionNode = FALSE
	EndGlobalSection
	GlobalSection(ExtensibilityGlobals) = postSolution
		SolutionGuid = {10AB6716-4F03-4DDA-9206-0D4DB6966B80}
	EndGlobalSection
EndGlobal
